
Microsoft Visual Studio Solution File, Format Version 12.00
# Visual Studio Version 17
VisualStudioVersion = 17.4.32804.182
MinimumVisualStudioVersion = 10.0.40219.1
Project("{2150E333-8FDC-42A3-9474-1A3956D46DE8}") = "Src", "Src", "{BE050F13-5AD1-4560-BB2B-9BF578B67039}"
EndProject
Project("{2150E333-8FDC-42A3-9474-1A3956D46DE8}") = "1 - Kernel", "1 - Kernel", "{BDBA8870-FCDF-40D2-84F3-D5801930F146}"
EndProject
Project("{2150E333-8FDC-42A3-9474-1A3956D46DE8}") = "2 - Core", "2 - Core", "{4F1FA259-0CF1-4BAD-90D8-9ABF21377FD9}"
EndProject
Project("{2150E333-8FDC-42A3-9474-1A3956D46DE8}") = "3 - Application", "3 - Application", "{2D8A223B-CE80-4201-81F5-A256A6A2B5B5}"
EndProject
Project("{2150E333-8FDC-42A3-9474-1A3956D46DE8}") = "4 - Infrastructure", "4 - Infrastructure", "{39D3C7A6-6606-4B14-98D8-4DE9163EFCB8}"
EndProject
Project("{2150E333-8FDC-42A3-9474-1A3956D46DE8}") = "5 - IoC", "5 - IoC", "{DF20624D-EBEB-4AA7-B2DD-538437CBB674}"
EndProject
Project("{2150E333-8FDC-42A3-9474-1A3956D46DE8}") = "6 - Web", "6 - Web", "{383BC660-F053-44D7-A46D-C2094EDDA9B1}"
EndProject
Project("{FAE04EC0-301F-11D3-BF4B-00C04F79EFBC}") = "CattleRanch.Kernel.Exceptions", "CattleRanch.Kernel.Exceptions\CattleRanch.Kernel.Exceptions.csproj", "{E47EADA5-A678-4ABA-BE00-0D7C3A9591A8}"
EndProject
Project("{FAE04EC0-301F-11D3-BF4B-00C04F79EFBC}") = "CattleRanch.Core.Domain", "CattleRanch.Core.Domain\CattleRanch.Core.Domain.csproj", "{67EF7780-4CD3-405B-B44D-4B386CC0681B}"
EndProject
Project("{FAE04EC0-301F-11D3-BF4B-00C04F79EFBC}") = "CattleRanch.Application", "CattleRanch.Application\CattleRanch.Application.csproj", "{24B482F5-4136-41D5-9C81-9941E3C2D5DB}"
EndProject
Project("{FAE04EC0-301F-11D3-BF4B-00C04F79EFBC}") = "CattleRanch.Infrastructure.EFCore", "CattleRanch.Infrastructure.EFCore\CattleRanch.Infrastructure.EFCore.csproj", "{1FD4C08D-E40F-4431-B94E-FCE8E90BE298}"
EndProject
Project("{FAE04EC0-301F-11D3-BF4B-00C04F79EFBC}") = "CattleRanch.IoC", "CattleRanch.IoC\CattleRanch.IoC.csproj", "{936761C6-8DDB-4ADF-831A-6A19C7CBCE87}"
EndProject
Project("{FAE04EC0-301F-11D3-BF4B-00C04F79EFBC}") = "CattleRanch.Web.API", "CattleRanch.Web.API\CattleRanch.Web.API.csproj", "{9503C7A3-7B5E-461E-9948-2C851C9E8675}"
EndProject
Project("{FAE04EC0-301F-11D3-BF4B-00C04F79EFBC}") = "CattleRanch.Web.Wasm", "CattleRanch.Web.Wasm\CattleRanch.Web.Wasm.csproj", "{9850E4BA-0D27-4580-8938-28FFADEF41DD}"
EndProject
Global
	GlobalSection(SolutionConfigurationPlatforms) = preSolution
		Debug|Any CPU = Debug|Any CPU
		Release|Any CPU = Release|Any CPU
	EndGlobalSection
	GlobalSection(ProjectConfigurationPlatforms) = postSolution
		{E47EADA5-A678-4ABA-BE00-0D7C3A9591A8}.Debug|Any CPU.ActiveCfg = Debug|Any CPU
		{E47EADA5-A678-4ABA-BE00-0D7C3A9591A8}.Debug|Any CPU.Build.0 = Debug|Any CPU
		{E47EADA5-A678-4ABA-BE00-0D7C3A9591A8}.Release|Any CPU.ActiveCfg = Release|Any CPU
		{E47EADA5-A678-4ABA-BE00-0D7C3A9591A8}.Release|Any CPU.Build.0 = Release|Any CPU
		{67EF7780-4CD3-405B-B44D-4B386CC0681B}.Debug|Any CPU.ActiveCfg = Debug|Any CPU
		{67EF7780-4CD3-405B-B44D-4B386CC0681B}.Debug|Any CPU.Build.0 = Debug|Any CPU
		{67EF7780-4CD3-405B-B44D-4B386CC0681B}.Release|Any CPU.ActiveCfg = Release|Any CPU
		{67EF7780-4CD3-405B-B44D-4B386CC0681B}.Release|Any CPU.Build.0 = Release|Any CPU
		{24B482F5-4136-41D5-9C81-9941E3C2D5DB}.Debug|Any CPU.ActiveCfg = Debug|Any CPU
		{24B482F5-4136-41D5-9C81-9941E3C2D5DB}.Debug|Any CPU.Build.0 = Debug|Any CPU
		{24B482F5-4136-41D5-9C81-9941E3C2D5DB}.Release|Any CPU.ActiveCfg = Release|Any CPU
		{24B482F5-4136-41D5-9C81-9941E3C2D5DB}.Release|Any CPU.Build.0 = Release|Any CPU
		{1FD4C08D-E40F-4431-B94E-FCE8E90BE298}.Debug|Any CPU.ActiveCfg = Debug|Any CPU
		{1FD4C08D-E40F-4431-B94E-FCE8E90BE298}.Debug|Any CPU.Build.0 = Debug|Any CPU
		{1FD4C08D-E40F-4431-B94E-FCE8E90BE298}.Release|Any CPU.ActiveCfg = Release|Any CPU
		{1FD4C08D-E40F-4431-B94E-FCE8E90BE298}.Release|Any CPU.Build.0 = Release|Any CPU
		{936761C6-8DDB-4ADF-831A-6A19C7CBCE87}.Debug|Any CPU.ActiveCfg = Debug|Any CPU
		{936761C6-8DDB-4ADF-831A-6A19C7CBCE87}.Debug|Any CPU.Build.0 = Debug|Any CPU
		{936761C6-8DDB-4ADF-831A-6A19C7CBCE87}.Release|Any CPU.ActiveCfg = Release|Any CPU
		{936761C6-8DDB-4ADF-831A-6A19C7CBCE87}.Release|Any CPU.Build.0 = Release|Any CPU
		{9503C7A3-7B5E-461E-9948-2C851C9E8675}.Debug|Any CPU.ActiveCfg = Debug|Any CPU
		{9503C7A3-7B5E-461E-9948-2C851C9E8675}.Debug|Any CPU.Build.0 = Debug|Any CPU
		{9503C7A3-7B5E-461E-9948-2C851C9E8675}.Release|Any CPU.ActiveCfg = Release|Any CPU
		{9503C7A3-7B5E-461E-9948-2C851C9E8675}.Release|Any CPU.Build.0 = Release|Any CPU
		{9850E4BA-0D27-4580-8938-28FFADEF41DD}.Debug|Any CPU.ActiveCfg = Debug|Any CPU
		{9850E4BA-0D27-4580-8938-28FFADEF41DD}.Debug|Any CPU.Build.0 = Debug|Any CPU
		{9850E4BA-0D27-4580-8938-28FFADEF41DD}.Release|Any CPU.ActiveCfg = Release|Any CPU
		{9850E4BA-0D27-4580-8938-28FFADEF41DD}.Release|Any CPU.Build.0 = Release|Any CPU
	EndGlobalSection
	GlobalSection(SolutionProperties) = preSolution
		HideSolutionNode = FALSE
	EndGlobalSection
	GlobalSection(NestedProjects) = preSolution
		{BDBA8870-FCDF-40D2-84F3-D5801930F146} = {BE050F13-5AD1-4560-BB2B-9BF578B67039}
		{4F1FA259-0CF1-4BAD-90D8-9ABF21377FD9} = {BE050F13-5AD1-4560-BB2B-9BF578B67039}
		{2D8A223B-CE80-4201-81F5-A256A6A2B5B5} = {BE050F13-5AD1-4560-BB2B-9BF578B67039}
		{39D3C7A6-6606-4B14-98D8-4DE9163EFCB8} = {BE050F13-5AD1-4560-BB2B-9BF578B67039}
		{DF20624D-EBEB-4AA7-B2DD-538437CBB674} = {BE050F13-5AD1-4560-BB2B-9BF578B67039}
		{383BC660-F053-44D7-A46D-C2094EDDA9B1} = {BE050F13-5AD1-4560-BB2B-9BF578B67039}
		{E47EADA5-A678-4ABA-BE00-0D7C3A9591A8} = {BDBA8870-FCDF-40D2-84F3-D5801930F146}
		{67EF7780-4CD3-405B-B44D-4B386CC0681B} = {4F1FA259-0CF1-4BAD-90D8-9ABF21377FD9}
		{24B482F5-4136-41D5-9C81-9941E3C2D5DB} = {2D8A223B-CE80-4201-81F5-A256A6A2B5B5}
		{1FD4C08D-E40F-4431-B94E-FCE8E90BE298} = {39D3C7A6-6606-4B14-98D8-4DE9163EFCB8}
		{936761C6-8DDB-4ADF-831A-6A19C7CBCE87} = {DF20624D-EBEB-4AA7-B2DD-538437CBB674}
		{9503C7A3-7B5E-461E-9948-2C851C9E8675} = {383BC660-F053-44D7-A46D-C2094EDDA9B1}
		{9850E4BA-0D27-4580-8938-28FFADEF41DD} = {383BC660-F053-44D7-A46D-C2094EDDA9B1}
	EndGlobalSection
	GlobalSection(ExtensibilityGlobals) = postSolution
		SolutionGuid = {92FCFC85-8C10-4D54-8551-40BF5C2C3D06}
	EndGlobalSection
EndGlobal
